---
mac:
  - "00:50:56:bb:d6:25"
  - "00:50:56:bb:3f:bb"
  - "00:50:56:bb:ee:42"
  - "00:50:56:bb:19:29"
  - "00:50:56:bb:2b:15"
  - "00:50:56:bb:cb:ef"
ipv4:
  - "10.3.31.1"
  - "10.3.31.6"
  - "10.1.31.101"
  - "10.1.31.106"
  - "10.3.31.101"
  - "10.3.31.106"
  - "10.1.31.151"
  - "10.3.31.151"
  - "10.1.31.99"
  - "10.3.31.88"
  - "10.1.1.100"
ipv6:
  - "fe80::41a4:babf:14a4:548c"